# THIS IS AN AUTOGENERATED FILE. DO NOT EDIT THIS FILE DIRECTLY.
# yarn lockfile v1


bun-types@latest:
  version "0.5.0"
  resolved "https://registry.yarnpkg.com/bun-types/-/bun-types-0.5.0.tgz#1f2e98ac0cf91d9c7b556d221cc736fc8bd04277"
  integrity sha512-W74XkTKdOP2HV1PbzL7k6+8TZlcJyj1IuD7y9wX2SiHIaVjlqVwM9fXgsCvTlQQqkkkyZxSPSDFF10J6qml2eA==

zod@1:
  version "1.11.17"
  resolved "https://registry.yarnpkg.com/zod/-/zod-1.11.17.tgz#2aae9e91fc66128116ae9844e8f416a95f453f8e"
  integrity sha512-UzIwO92D0dSFwIRyyqAfRXICITLjF0IP8tRbEK/un7adirMssWZx8xF/1hZNE7t61knWZ+lhEuUvxlu2MO8qqA==

zod@3:
  version "3.20.2"
  resolved "https://registry.yarnpkg.com/zod/-/zod-3.20.2.tgz#068606642c8f51b3333981f91c0a8ab37dfc2807"
  integrity sha512-1MzNQdAvO+54H+EaK5YpyEy0T+Ejo/7YLHS93G3RnYWh5gaotGHwGeN/ZO687qEDU2y4CdStQYXVHIgrUl5UVQ==
