# THIS IS AN AUTOGENERATED FILE. DO NOT EDIT THIS FILE DIRECTLY.
# yarn lockfile v1


bun-types@latest:
  version "0.5.0"
  resolved "https://registry.yarnpkg.com/bun-types/-/bun-types-0.5.0.tgz#1f2e98ac0cf91d9c7b556d221cc736fc8bd04277"
  integrity sha512-W74XkTKdOP2HV1PbzL7k6+8TZlcJyj1IuD7y9wX2SiHIaVjlqVwM9fXgsCvTlQQqkkkyZxSPSDFF10J6qml2eA==
