# THIS IS AN AUTOGENERATED FILE. DO NOT EDIT THIS FILE DIRECTLY.
# yarn lockfile v1


a@^3.0.1:
  version "3.0.1"
  resolved "https://registry.yarnpkg.com/a/-/a-3.0.1.tgz#3ffe6fd39902bc1675de8fd52b9be6861473cd3f"
  integrity sha512-7keco9nAKQNb1+EFWVpzHrPfrFEcpzDoeYoKBktoUq/TQO0cpGDQ63KBQ3486a5OV5OGRzKC0Xu/g9IQb205qA==
  dependencies:
    a_mock "1.0.5"

a_mock@1.0.5:
  version "1.0.5"
  resolved "https://registry.yarnpkg.com/a_mock/-/a_mock-1.0.5.tgz#1db6ea996071d732f9924b3c63d4bb4125d19a3e"
  integrity sha512-HnjqBn1raagaPlpT8+4A9ZP3ntlh3fuW7kpdoeiCapxtYYz8VPTOkyv7TdQ18b4kMHqMNfwqlWSurex8dXWMkw==

bun-types@latest:
  version "0.5.0"
  resolved "https://registry.yarnpkg.com/bun-types/-/bun-types-0.5.0.tgz#1f2e98ac0cf91d9c7b556d221cc736fc8bd04277"
  integrity sha512-W74XkTKdOP2HV1PbzL7k6+8TZlcJyj1IuD7y9wX2SiHIaVjlqVwM9fXgsCvTlQQqkkkyZxSPSDFF10J6qml2eA==

zod@^3.20.2:
  version "3.20.2"
  resolved "https://registry.yarnpkg.com/zod/-/zod-3.20.2.tgz#068606642c8f51b3333981f91c0a8ab37dfc2807"
  integrity sha512-1MzNQdAvO+54H+EaK5YpyEy0T+Ejo/7YLHS93G3RnYWh5gaotGHwGeN/ZO687qEDU2y4CdStQYXVHIgrUl5UVQ==
